
Microsoft Visual Studio Solution File, Format Version 12.00
# Visual Studio Version 16
VisualStudioVersion = 16.0.29102.190
MinimumVisualStudioVersion = 10.0.40219.1
Project("{FAE04EC0-301F-11D3-BF4B-00C04F79EFBC}") = "LibraryManagementSys", "LibraryManagementSys.csproj", "{CB8ACD81-DC1F-466C-80E6-3084FE006BFC}"
EndProject
Global
	GlobalSection(SolutionConfigurationPlatforms) = preSolution
		Debug|Any CPU = Debug|Any CPU
		Release|Any CPU = Release|Any CPU
	EndGlobalSection
	GlobalSection(ProjectConfigurationPlatforms) = postSolution
		{CB8ACD81-DC1F-466C-80E6-3084FE006BFC}.Debug|Any CPU.ActiveCfg = Debug|Any CPU
		{CB8ACD81-DC1F-466C-80E6-3084FE006BFC}.Debug|Any CPU.Build.0 = Debug|Any CPU
		{CB8ACD81-DC1F-466C-80E6-3084FE006BFC}.Release|Any CPU.ActiveCfg = Release|Any CPU
		{CB8ACD81-DC1F-466C-80E6-3084FE006BFC}.Release|Any CPU.Build.0 = Release|Any CPU
	EndGlobalSection
	GlobalSection(SolutionProperties) = preSolution
		HideSolutionNode = FALSE
	EndGlobalSection
	GlobalSection(ExtensibilityGlobals) = postSolution
		SolutionGuid = {7E47CA4F-FAF6-4B0B-B27D-0E088CC8473E}
	EndGlobalSection
EndGlobal
